
Microsoft Visual Studio Solution File, Format Version 12.00
# Visual Studio 14
VisualStudioVersion = 14.0.23107.0
MinimumVisualStudioVersion = 10.0.40219.1
Project("{FAE04EC0-301F-11D3-BF4B-00C04F79EFBC}") = "Bootcamp20ASPNET", "Bootcamp20ASPNET\Bootcamp20ASPNET.csproj", "{BF391EEE-3BDC-48B4-A55F-4AA1B6160A21}"
EndProject
Global
	GlobalSection(SolutionConfigurationPlatforms) = preSolution
		Debug|Any CPU = Debug|Any CPU
		Release|Any CPU = Release|Any CPU
	EndGlobalSection
	GlobalSection(ProjectConfigurationPlatforms) = postSolution
		{BF391EEE-3BDC-48B4-A55F-4AA1B6160A21}.Debug|Any CPU.ActiveCfg = Debug|Any CPU
		{BF391EEE-3BDC-48B4-A55F-4AA1B6160A21}.Debug|Any CPU.Build.0 = Debug|Any CPU
		{BF391EEE-3BDC-48B4-A55F-4AA1B6160A21}.Release|Any CPU.ActiveCfg = Release|Any CPU
		{BF391EEE-3BDC-48B4-A55F-4AA1B6160A21}.Release|Any CPU.Build.0 = Release|Any CPU
	EndGlobalSection
	GlobalSection(SolutionProperties) = preSolution
		HideSolutionNode = FALSE
	EndGlobalSection
EndGlobal
